
Microsoft Visual Studio Solution File, Format Version 11.00
# Visual Studio 2010
# SharpDevelop 4.4
Project("{FAE04EC0-301F-11D3-BF4B-00C04F79EFBC}") = "Holamundo}", "Holamundo}\Holamundo}.csproj", "{FC5C2808-E3B8-4F0D-A584-088E84C0E41B}"
EndProject
Global
	GlobalSection(SolutionConfigurationPlatforms) = preSolution
		Debug|Any CPU = Debug|Any CPU
		Release|Any CPU = Release|Any CPU
	EndGlobalSection
	GlobalSection(ProjectConfigurationPlatforms) = postSolution
		{FC5C2808-E3B8-4F0D-A584-088E84C0E41B}.Debug|Any CPU.Build.0 = Debug|Any CPU
		{FC5C2808-E3B8-4F0D-A584-088E84C0E41B}.Debug|Any CPU.ActiveCfg = Debug|Any CPU
		{FC5C2808-E3B8-4F0D-A584-088E84C0E41B}.Release|Any CPU.Build.0 = Release|Any CPU
		{FC5C2808-E3B8-4F0D-A584-088E84C0E41B}.Release|Any CPU.ActiveCfg = Release|Any CPU
	EndGlobalSection
EndGlobal
